
Microsoft Visual Studio Solution File, Format Version 12.00
# Visual Studio Version 17
VisualStudioVersion = 17.0.31903.59
MinimumVisualStudioVersion = 10.0.40219.1
Project("{2150E333-8FDC-42A3-9474-1A3956D46DE8}") = "src", "src", "{827E0CD3-B72D-47B6-A68D-7590B98EB39B}"
EndProject
Project("{FAE04EC0-301F-11D3-BF4B-00C04F79EFBC}") = "Rappi.Orders.Domain", "src\Rappi.Orders.Domain\Rappi.Orders.Domain.csproj", "{9AC5432D-E782-4396-81CA-B826F72F1FB3}"
EndProject
Project("{FAE04EC0-301F-11D3-BF4B-00C04F79EFBC}") = "Rappi.Orders.Application", "src\Rappi.Orders.Application\Rappi.Orders.Application.csproj", "{FBCB9484-CF92-4EEC-ABD0-CBB1BCF39AA7}"
EndProject
Project("{FAE04EC0-301F-11D3-BF4B-00C04F79EFBC}") = "Rappi.Orders.Infrastructure", "src\Rappi.Orders.Infrastructure\Rappi.Orders.Infrastructure.csproj", "{8BFB4D1A-59C6-4DD5-BF23-19826FA548D4}"
EndProject
Project("{FAE04EC0-301F-11D3-BF4B-00C04F79EFBC}") = "Rappi.Orders.Api", "src\Rappi.Orders.Api\Rappi.Orders.Api.csproj", "{5208AB1A-3155-4E34-A084-3DC29B54C9FE}"
EndProject
Project("{FAE04EC0-301F-11D3-BF4B-00C04F79EFBC}") = "Rappi.Orders.Worker", "src\Rappi.Orders.Worker\Rappi.Orders.Worker.csproj", "{CE0EFC5E-FDBA-42B8-AB60-CD6885A835F1}"
EndProject
Project("{2150E333-8FDC-42A3-9474-1A3956D46DE8}") = "tests", "tests", "{0AB3BF05-4346-4AA6-1389-037BE0695223}"
EndProject
Project("{FAE04EC0-301F-11D3-BF4B-00C04F79EFBC}") = "Rappi.Orders.UnitTests", "tests\Rappi.Orders.UnitTests\Rappi.Orders.UnitTests.csproj", "{BD09C559-94D8-4E6F-B082-583F3049CB66}"
EndProject
Global
	GlobalSection(SolutionConfigurationPlatforms) = preSolution
		Debug|Any CPU = Debug|Any CPU
		Debug|x64 = Debug|x64
		Debug|x86 = Debug|x86
		Release|Any CPU = Release|Any CPU
		Release|x64 = Release|x64
		Release|x86 = Release|x86
	EndGlobalSection
	GlobalSection(ProjectConfigurationPlatforms) = postSolution
		{9AC5432D-E782-4396-81CA-B826F72F1FB3}.Debug|Any CPU.ActiveCfg = Debug|Any CPU
		{9AC5432D-E782-4396-81CA-B826F72F1FB3}.Debug|Any CPU.Build.0 = Debug|Any CPU
		{9AC5432D-E782-4396-81CA-B826F72F1FB3}.Debug|x64.ActiveCfg = Debug|Any CPU
		{9AC5432D-E782-4396-81CA-B826F72F1FB3}.Debug|x64.Build.0 = Debug|Any CPU
		{9AC5432D-E782-4396-81CA-B826F72F1FB3}.Debug|x86.ActiveCfg = Debug|Any CPU
		{9AC5432D-E782-4396-81CA-B826F72F1FB3}.Debug|x86.Build.0 = Debug|Any CPU
		{9AC5432D-E782-4396-81CA-B826F72F1FB3}.Release|Any CPU.ActiveCfg = Release|Any CPU
		{9AC5432D-E782-4396-81CA-B826F72F1FB3}.Release|Any CPU.Build.0 = Release|Any CPU
		{9AC5432D-E782-4396-81CA-B826F72F1FB3}.Release|x64.ActiveCfg = Release|Any CPU
		{9AC5432D-E782-4396-81CA-B826F72F1FB3}.Release|x64.Build.0 = Release|Any CPU
		{9AC5432D-E782-4396-81CA-B826F72F1FB3}.Release|x86.ActiveCfg = Release|Any CPU
		{9AC5432D-E782-4396-81CA-B826F72F1FB3}.Release|x86.Build.0 = Release|Any CPU
		{FBCB9484-CF92-4EEC-ABD0-CBB1BCF39AA7}.Debug|Any CPU.ActiveCfg = Debug|Any CPU
		{FBCB9484-CF92-4EEC-ABD0-CBB1BCF39AA7}.Debug|Any CPU.Build.0 = Debug|Any CPU
		{FBCB9484-CF92-4EEC-ABD0-CBB1BCF39AA7}.Debug|x64.ActiveCfg = Debug|Any CPU
		{FBCB9484-CF92-4EEC-ABD0-CBB1BCF39AA7}.Debug|x64.Build.0 = Debug|Any CPU
		{FBCB9484-CF92-4EEC-ABD0-CBB1BCF39AA7}.Debug|x86.ActiveCfg = Debug|Any CPU
		{FBCB9484-CF92-4EEC-ABD0-CBB1BCF39AA7}.Debug|x86.Build.0 = Debug|Any CPU
		{FBCB9484-CF92-4EEC-ABD0-CBB1BCF39AA7}.Release|Any CPU.ActiveCfg = Release|Any CPU
		{FBCB9484-CF92-4EEC-ABD0-CBB1BCF39AA7}.Release|Any CPU.Build.0 = Release|Any CPU
		{FBCB9484-CF92-4EEC-ABD0-CBB1BCF39AA7}.Release|x64.ActiveCfg = Release|Any CPU
		{FBCB9484-CF92-4EEC-ABD0-CBB1BCF39AA7}.Release|x64.Build.0 = Release|Any CPU
		{FBCB9484-CF92-4EEC-ABD0-CBB1BCF39AA7}.Release|x86.ActiveCfg = Release|Any CPU
		{FBCB9484-CF92-4EEC-ABD0-CBB1BCF39AA7}.Release|x86.Build.0 = Release|Any CPU
		{8BFB4D1A-59C6-4DD5-BF23-19826FA548D4}.Debug|Any CPU.ActiveCfg = Debug|Any CPU
		{8BFB4D1A-59C6-4DD5-BF23-19826FA548D4}.Debug|Any CPU.Build.0 = Debug|Any CPU
		{8BFB4D1A-59C6-4DD5-BF23-19826FA548D4}.Debug|x64.ActiveCfg = Debug|Any CPU
		{8BFB4D1A-59C6-4DD5-BF23-19826FA548D4}.Debug|x64.Build.0 = Debug|Any CPU
		{8BFB4D1A-59C6-4DD5-BF23-19826FA548D4}.Debug|x86.ActiveCfg = Debug|Any CPU
		{8BFB4D1A-59C6-4DD5-BF23-19826FA548D4}.Debug|x86.Build.0 = Debug|Any CPU
		{8BFB4D1A-59C6-4DD5-BF23-19826FA548D4}.Release|Any CPU.ActiveCfg = Release|Any CPU
		{8BFB4D1A-59C6-4DD5-BF23-19826FA548D4}.Release|Any CPU.Build.0 = Release|Any CPU
		{8BFB4D1A-59C6-4DD5-BF23-19826FA548D4}.Release|x64.ActiveCfg = Release|Any CPU
		{8BFB4D1A-59C6-4DD5-BF23-19826FA548D4}.Release|x64.Build.0 = Release|Any CPU
		{8BFB4D1A-59C6-4DD5-BF23-19826FA548D4}.Release|x86.ActiveCfg = Release|Any CPU
		{8BFB4D1A-59C6-4DD5-BF23-19826FA548D4}.Release|x86.Build.0 = Release|Any CPU
		{5208AB1A-3155-4E34-A084-3DC29B54C9FE}.Debug|Any CPU.ActiveCfg = Debug|Any CPU
		{5208AB1A-3155-4E34-A084-3DC29B54C9FE}.Debug|Any CPU.Build.0 = Debug|Any CPU
		{5208AB1A-3155-4E34-A084-3DC29B54C9FE}.Debug|x64.ActiveCfg = Debug|Any CPU
		{5208AB1A-3155-4E34-A084-3DC29B54C9FE}.Debug|x64.Build.0 = Debug|Any CPU
		{5208AB1A-3155-4E34-A084-3DC29B54C9FE}.Debug|x86.ActiveCfg = Debug|Any CPU
		{5208AB1A-3155-4E34-A084-3DC29B54C9FE}.Debug|x86.Build.0 = Debug|Any CPU
		{5208AB1A-3155-4E34-A084-3DC29B54C9FE}.Release|Any CPU.ActiveCfg = Release|Any CPU
		{5208AB1A-3155-4E34-A084-3DC29B54C9FE}.Release|Any CPU.Build.0 = Release|Any CPU
		{5208AB1A-3155-4E34-A084-3DC29B54C9FE}.Release|x64.ActiveCfg = Release|Any CPU
		{5208AB1A-3155-4E34-A084-3DC29B54C9FE}.Release|x64.Build.0 = Release|Any CPU
		{5208AB1A-3155-4E34-A084-3DC29B54C9FE}.Release|x86.ActiveCfg = Release|Any CPU
		{5208AB1A-3155-4E34-A084-3DC29B54C9FE}.Release|x86.Build.0 = Release|Any CPU
		{CE0EFC5E-FDBA-42B8-AB60-CD6885A835F1}.Debug|Any CPU.ActiveCfg = Debug|Any CPU
		{CE0EFC5E-FDBA-42B8-AB60-CD6885A835F1}.Debug|Any CPU.Build.0 = Debug|Any CPU
		{CE0EFC5E-FDBA-42B8-AB60-CD6885A835F1}.Debug|x64.ActiveCfg = Debug|Any CPU
		{CE0EFC5E-FDBA-42B8-AB60-CD6885A835F1}.Debug|x64.Build.0 = Debug|Any CPU
		{CE0EFC5E-FDBA-42B8-AB60-CD6885A835F1}.Debug|x86.ActiveCfg = Debug|Any CPU
		{CE0EFC5E-FDBA-42B8-AB60-CD6885A835F1}.Debug|x86.Build.0 = Debug|Any CPU
		{CE0EFC5E-FDBA-42B8-AB60-CD6885A835F1}.Release|Any CPU.ActiveCfg = Release|Any CPU
		{CE0EFC5E-FDBA-42B8-AB60-CD6885A835F1}.Release|Any CPU.Build.0 = Release|Any CPU
		{CE0EFC5E-FDBA-42B8-AB60-CD6885A835F1}.Release|x64.ActiveCfg = Release|Any CPU
		{CE0EFC5E-FDBA-42B8-AB60-CD6885A835F1}.Release|x64.Build.0 = Release|Any CPU
		{CE0EFC5E-FDBA-42B8-AB60-CD6885A835F1}.Release|x86.ActiveCfg = Release|Any CPU
		{CE0EFC5E-FDBA-42B8-AB60-CD6885A835F1}.Release|x86.Build.0 = Release|Any CPU
		{BD09C559-94D8-4E6F-B082-583F3049CB66}.Debug|Any CPU.ActiveCfg = Debug|Any CPU
		{BD09C559-94D8-4E6F-B082-583F3049CB66}.Debug|Any CPU.Build.0 = Debug|Any CPU
		{BD09C559-94D8-4E6F-B082-583F3049CB66}.Debug|x64.ActiveCfg = Debug|Any CPU
		{BD09C559-94D8-4E6F-B082-583F3049CB66}.Debug|x64.Build.0 = Debug|Any CPU
		{BD09C559-94D8-4E6F-B082-583F3049CB66}.Debug|x86.ActiveCfg = Debug|Any CPU
		{BD09C559-94D8-4E6F-B082-583F3049CB66}.Debug|x86.Build.0 = Debug|Any CPU
		{BD09C559-94D8-4E6F-B082-583F3049CB66}.Release|Any CPU.ActiveCfg = Release|Any CPU
		{BD09C559-94D8-4E6F-B082-583F3049CB66}.Release|Any CPU.Build.0 = Release|Any CPU
		{BD09C559-94D8-4E6F-B082-583F3049CB66}.Release|x64.ActiveCfg = Release|Any CPU
		{BD09C559-94D8-4E6F-B082-583F3049CB66}.Release|x64.Build.0 = Release|Any CPU
		{BD09C559-94D8-4E6F-B082-583F3049CB66}.Release|x86.ActiveCfg = Release|Any CPU
		{BD09C559-94D8-4E6F-B082-583F3049CB66}.Release|x86.Build.0 = Release|Any CPU
	EndGlobalSection
	GlobalSection(SolutionProperties) = preSolution
		HideSolutionNode = FALSE
	EndGlobalSection
	GlobalSection(NestedProjects) = preSolution
		{9AC5432D-E782-4396-81CA-B826F72F1FB3} = {827E0CD3-B72D-47B6-A68D-7590B98EB39B}
		{FBCB9484-CF92-4EEC-ABD0-CBB1BCF39AA7} = {827E0CD3-B72D-47B6-A68D-7590B98EB39B}
		{8BFB4D1A-59C6-4DD5-BF23-19826FA548D4} = {827E0CD3-B72D-47B6-A68D-7590B98EB39B}
		{5208AB1A-3155-4E34-A084-3DC29B54C9FE} = {827E0CD3-B72D-47B6-A68D-7590B98EB39B}
		{CE0EFC5E-FDBA-42B8-AB60-CD6885A835F1} = {827E0CD3-B72D-47B6-A68D-7590B98EB39B}
		{BD09C559-94D8-4E6F-B082-583F3049CB66} = {0AB3BF05-4346-4AA6-1389-037BE0695223}
	EndGlobalSection
EndGlobal
